{
  "name": "red-01-pdfium-spike",
  "lockfileVersion": 3,
  "requires": true,
  "packages": {
    "": {
      "name": "red-01-pdfium-spike",
      "dependencies": {
        "@embedpdf/pdfium": "^1.3.2"
      }
    },
    "node_modules/@embedpdf/pdfium": {
      "version": "1.5.0",
      "resolved": "https://registry.npmjs.org/@embedpdf/pdfium/-/pdfium-1.5.0.tgz",
      "integrity": "sha512-PI32t2U4ThZC907n2Iwr8E5WqmC574G83u3V9ysNFl29N9kasrY9RiLSzU4W/yQvXPjIbpQHBsbMKXLjCFBI9w==",
      "license": "MIT"
    }
  }
}
